// !$*UTF8*$!
{
	archiveVersion = 1;
	classes = {
	};
	objectVersion = 56;
	objects = {

/* Begin PBXBuildFile section */
		4C50F21E2B8CD34A00149416 /* WeatherAPIApp.swift in Sources */ = {isa = PBXBuildFile; fileRef = 4C50F21D2B8CD34A00149416 /* WeatherAPIApp.swift */; };
		4C50F2202B8CD34A00149416 /* ContentView.swift in Sources */ = {isa = PBXBuildFile; fileRef = 4C50F21F2B8CD34A00149416 /* ContentView.swift */; };
		4C50F2222B8CD34B00149416 /* Assets.xcassets in Resources */ = {isa = PBXBuildFile; fileRef = 4C50F2212B8CD34B00149416 /* Assets.xcassets */; };
		4C50F2252B8CD34B00149416 /* Preview Assets.xcassets in Resources */ = {isa = PBXBuildFile; fileRef = 4C50F2242B8CD34B00149416 /* Preview Assets.xcassets */; };
		4C50F22F2B8CD34B00149416 /* WeatherAPITests.swift in Sources */ = {isa = PBXBuildFile; fileRef = 4C50F22E2B8CD34B00149416 /* WeatherAPITests.swift */; };
		4C50F2392B8CD34B00149416 /* WeatherAPIUITests.swift in Sources */ = {isa = PBXBuildFile; fileRef = 4C50F2382B8CD34B00149416 /* WeatherAPIUITests.swift */; };
		4C50F23B2B8CD34B00149416 /* WeatherAPIUITestsLaunchTests.swift in Sources */ = {isa = PBXBuildFile; fileRef = 4C50F23A2B8CD34B00149416 /* WeatherAPIUITestsLaunchTests.swift */; };
		4C50F2482B8CD38300149416 /* openweathermap.swift in Sources */ = {isa = PBXBuildFile; fileRef = 4C50F2472B8CD38300149416 /* openweathermap.swift */; };
/* End PBXBuildFile section */

/* Begin PBXContainerItemProxy section */
		4C50F22B2B8CD34B00149416 /* PBXContainerItemProxy */ = {
			isa = PBXContainerItemProxy;
			containerPortal = 4C50F2122B8CD34A00149416 /* Project object */;
			proxyType = 1;
			remoteGlobalIDString = 4C50F2192B8CD34A00149416;
			remoteInfo = WeatherAPI;
		};
		4C50F2352B8CD34B00149416 /* PBXContainerItemProxy */ = {
			isa = PBXContainerItemProxy;
			containerPortal = 4C50F2122B8CD34A00149416 /* Project object */;
			proxyType = 1;
			remoteGlobalIDString = 4C50F2192B8CD34A00149416;
			remoteInfo = WeatherAPI;
		};
/* End PBXContainerItemProxy section */

/* Begin PBXFileReference section */
		4C50F21A2B8CD34A00149416 /* WeatherAPI.app */ = {isa = PBXFileReference; explicitFileType = wrapper.application; includeInIndex = 0; path = WeatherAPI.app; sourceTree = BUILT_PRODUCTS_DIR; };
		4C50F21D2B8CD34A00149416 /* WeatherAPIApp.swift */ = {isa = PBXFileReference; lastKnownFileType = sourcecode.swift; path = WeatherAPIApp.swift; sourceTree = "<group>"; };
		4C50F21F2B8CD34A00149416 /* ContentView.swift */ = {isa = PBXFileReference; lastKnownFileType = sourcecode.swift; path = ContentView.swift; sourceTree = "<group>"; };
		4C50F2212B8CD34B00149416 /* Assets.xcassets */ = {isa = PBXFileReference; lastKnownFileType = folder.assetcatalog; path = Assets.xcassets; sourceTree = "<group>"; };
		4C50F2242B8CD34B00149416 /* Preview Assets.xcassets */ = {isa = PBXFileReference; lastKnownFileType = folder.assetcatalog; path = "Preview Assets.xcassets"; sourceTree = "<group>"; };
		4C50F22A2B8CD34B00149416 /* WeatherAPITests.xctest */ = {isa = PBXFileReference; explicitFileType = wrapper.cfbundle; includeInIndex = 0; path = WeatherAPITests.xctest; sourceTree = BUILT_PRODUCTS_DIR; };
		4C50F22E2B8CD34B00149416 /* WeatherAPITests.swift */ = {isa = PBXFileReference; lastKnownFileType = sourcecode.swift; path = WeatherAPITests.swift; sourceTree = "<group>"; };
		4C50F2342B8CD34B00149416 /* WeatherAPIUITests.xctest */ = {isa = PBXFileReference; explicitFileType = wrapper.cfbundle; includeInIndex = 0; path = WeatherAPIUITests.xctest; sourceTree = BUILT_PRODUCTS_DIR; };
		4C50F2382B8CD34B00149416 /* WeatherAPIUITests.swift */ = {isa = PBXFileReference; lastKnownFileType = sourcecode.swift; path = WeatherAPIUITests.swift; sourceTree = "<group>"; };
		4C50F23A2B8CD34B00149416 /* WeatherAPIUITestsLaunchTests.swift */ = {isa = PBXFileReference; lastKnownFileType = sourcecode.swift; path = WeatherAPIUITestsLaunchTests.swift; sourceTree = "<group>"; };
		4C50F2472B8CD38300149416 /* openweathermap.swift */ = {isa = PBXFileReference; lastKnownFileType = sourcecode.swift; path = openweathermap.swift; sourceTree = "<group>"; };
/* End PBXFileReference section */

/* Begin PBXFrameworksBuildPhase section */
		4C50F2172B8CD34A00149416 /* Frameworks */ = {
			isa = PBXFrameworksBuildPhase;
			buildActionMask = 2147483647;
			files = (
			);
			runOnlyForDeploymentPostprocessing = 0;
		};
		4C50F2272B8CD34B00149416 /* Frameworks */ = {
			isa = PBXFrameworksBuildPhase;
			buildActionMask = 2147483647;
			files = (
			);
			runOnlyForDeploymentPostprocessing = 0;
		};
		4C50F2312B8CD34B00149416 /* Frameworks */ = {
			isa = PBXFrameworksBuildPhase;
			buildActionMask = 2147483647;
			files = (
			);
			runOnlyForDeploymentPostprocessing = 0;
		};
/* End PBXFrameworksBuildPhase section */

/* Begin PBXGroup section */
		4C50F2112B8CD34A00149416 = {
			isa = PBXGroup;
			children = (
				4C50F21C2B8CD34A00149416 /* WeatherAPI */,
				4C50F22D2B8CD34B00149416 /* WeatherAPITests */,
				4C50F2372B8CD34B00149416 /* WeatherAPIUITests */,
				4C50F21B2B8CD34A00149416 /* Products */,
			);
			sourceTree = "<group>";
		};
		4C50F21B2B8CD34A00149416 /* Products */ = {
			isa = PBXGroup;
			children = (
				4C50F21A2B8CD34A00149416 /* WeatherAPI.app */,
				4C50F22A2B8CD34B00149416 /* WeatherAPITests.xctest */,
				4C50F2342B8CD34B00149416 /* WeatherAPIUITests.xctest */,
			);
			name = Products;
			sourceTree = "<group>";
		};
		4C50F21C2B8CD34A00149416 /* WeatherAPI */ = {
			isa = PBXGroup;
			children = (
				4C50F21D2B8CD34A00149416 /* WeatherAPIApp.swift */,
				4C50F21F2B8CD34A00149416 /* ContentView.swift */,
				4C50F2472B8CD38300149416 /* openweathermap.swift */,
				4C50F2212B8CD34B00149416 /* Assets.xcassets */,
				4C50F2232B8CD34B00149416 /* Preview Content */,
			);
			path = WeatherAPI;
			sourceTree = "<group>";
		};
		4C50F2232B8CD34B00149416 /* Preview Content */ = {
			isa = PBXGroup;
			children = (
				4C50F2242B8CD34B00149416 /* Preview Assets.xcassets */,
			);
			path = "Preview Content";
			sourceTree = "<group>";
		};
		4C50F22D2B8CD34B00149416 /* WeatherAPITests */ = {
			isa = PBXGroup;
			children = (
				4C50F22E2B8CD34B00149416 /* WeatherAPITests.swift */,
			);
			path = WeatherAPITests;
			sourceTree = "<group>";
		};
		4C50F2372B8CD34B00149416 /* WeatherAPIUITests */ = {
			isa = PBXGroup;
			children = (
				4C50F2382B8CD34B00149416 /* WeatherAPIUITests.swift */,
				4C50F23A2B8CD34B00149416 /* WeatherAPIUITestsLaunchTests.swift */,
			);
			path = WeatherAPIUITests;
			sourceTree = "<group>";
		};
/* End PBXGroup section */

/* Begin PBXNativeTarget section */
		4C50F2192B8CD34A00149416 /* WeatherAPI */ = {
			isa = PBXNativeTarget;
			buildConfigurationList = 4C50F23E2B8CD34B00149416 /* Build configuration list for PBXNativeTarget "WeatherAPI" */;
			buildPhases = (
				4C50F2162B8CD34A00149416 /* Sources */,
				4C50F2172B8CD34A00149416 /* Frameworks */,
				4C50F2182B8CD34A00149416 /* Resources */,
			);
			buildRules = (
			);
			dependencies = (
			);
			name = WeatherAPI;
			productName = WeatherAPI;
			productReference = 4C50F21A2B8CD34A00149416 /* WeatherAPI.app */;
			productType = "com.apple.product-type.application";
		};
		4C50F2292B8CD34B00149416 /* WeatherAPITests */ = {
			isa = PBXNativeTarget;
			buildConfigurationList = 4C50F2412B8CD34B00149416 /* Build configuration list for PBXNativeTarget "WeatherAPITests" */;
			buildPhases = (
				4C50F2262B8CD34B00149416 /* Sources */,
				4C50F2272B8CD34B00149416 /* Frameworks */,
				4C50F2282B8CD34B00149416 /* Resources */,
			);
			buildRules = (
			);
			dependencies = (
				4C50F22C2B8CD34B00149416 /* PBXTargetDependency */,
			);
			name = WeatherAPITests;
			productName = WeatherAPITests;
			productReference = 4C50F22A2B8CD34B00149416 /* WeatherAPITests.xctest */;
			productType = "com.apple.product-type.bundle.unit-test";
		};
		4C50F2332B8CD34B00149416 /* WeatherAPIUITests */ = {
			isa = PBXNativeTarget;
			buildConfigurationList = 4C50F2442B8CD34B00149416 /* Build configuration list for PBXNativeTarget "WeatherAPIUITests" */;
			buildPhases = (
				4C50F2302B8CD34B00149416 /* Sources */,
				4C50F2312B8CD34B00149416 /* Frameworks */,
				4C50F2322B8CD34B00149416 /* Resources */,
			);
			buildRules = (
			);
			dependencies = (
				4C50F2362B8CD34B00149416 /* PBXTargetDependency */,
			);
			name = WeatherAPIUITests;
			productName = WeatherAPIUITests;
			productReference = 4C50F2342B8CD34B00149416 /* WeatherAPIUITests.xctest */;
			productType = "com.apple.product-type.bundle.ui-testing";
		};
/* End PBXNativeTarget section */

/* Begin PBXProject section */
		4C50F2122B8CD34A00149416 /* Project object */ = {
			isa = PBXProject;
			attributes = {
				BuildIndependentTargetsInParallel = 1;
				LastSwiftUpdateCheck = 1520;
				LastUpgradeCheck = 1520;
				TargetAttributes = {
					4C50F2192B8CD34A00149416 = {
						CreatedOnToolsVersion = 15.2;
					};
					4C50F2292B8CD34B00149416 = {
						CreatedOnToolsVersion = 15.2;
						TestTargetID = 4C50F2192B8CD34A00149416;
					};
					4C50F2332B8CD34B00149416 = {
						CreatedOnToolsVersion = 15.2;
						TestTargetID = 4C50F2192B8CD34A00149416;
					};
				};
			};
			buildConfigurationList = 4C50F2152B8CD34A00149416 /* Build configuration list for PBXProject "WeatherAPI" */;
			compatibilityVersion = "Xcode 14.0";
			developmentRegion = en;
			hasScannedForEncodings = 0;
			knownRegions = (
				en,
				Base,
			);
			mainGroup = 4C50F2112B8CD34A00149416;
			productRefGroup = 4C50F21B2B8CD34A00149416 /* Products */;
			projectDirPath = "";
			projectRoot = "";
			targets = (
				4C50F2192B8CD34A00149416 /* WeatherAPI */,
				4C50F2292B8CD34B00149416 /* WeatherAPITests */,
				4C50F2332B8CD34B00149416 /* WeatherAPIUITests */,
			);
		};
/* End PBXProject section */

/* Begin PBXResourcesBuildPhase section */
		4C50F2182B8CD34A00149416 /* Resources */ = {
			isa = PBXResourcesBuildPhase;
			buildActionMask = 2147483647;
			files = (
				4C50F2252B8CD34B00149416 /* Preview Assets.xcassets in Resources */,
				4C50F2222B8CD34B00149416 /* Assets.xcassets in Resources */,
			);
			runOnlyForDeploymentPostprocessing = 0;
		};
		4C50F2282B8CD34B00149416 /* Resources */ = {
			isa = PBXResourcesBuildPhase;
			buildActionMask = 2147483647;
			files = (
			);
			runOnlyForDeploymentPostprocessing = 0;
		};
		4C50F2322B8CD34B00149416 /* Resources */ = {
			isa = PBXResourcesBuildPhase;
			buildActionMask = 2147483647;
			files = (
			);
			runOnlyForDeploymentPostprocessing = 0;
		};
/* End PBXResourcesBuildPhase section */

/* Begin PBXSourcesBuildPhase section */
		4C50F2162B8CD34A00149416 /* Sources */ = {
			isa = PBXSourcesBuildPhase;
			buildActionMask = 2147483647;
			files = (
				4C50F2482B8CD38300149416 /* openweathermap.swift in Sources */,
				4C50F2202B8CD34A00149416 /* ContentView.swift in Sources */,
				4C50F21E2B8CD34A00149416 /* WeatherAPIApp.swift in Sources */,
			);
			runOnlyForDeploymentPostprocessing = 0;
		};
		4C50F2262B8CD34B00149416 /* Sources */ = {
			isa = PBXSourcesBuildPhase;
			buildActionMask = 2147483647;
			files = (
				4C50F22F2B8CD34B00149416 /* WeatherAPITests.swift in Sources */,
			);
			runOnlyForDeploymentPostprocessing = 0;
		};
		4C50F2302B8CD34B00149416 /* Sources */ = {
			isa = PBXSourcesBuildPhase;
			buildActionMask = 2147483647;
			files = (
				4C50F23B2B8CD34B00149416 /* WeatherAPIUITestsLaunchTests.swift in Sources */,
				4C50F2392B8CD34B00149416 /* WeatherAPIUITests.swift in Sources */,
			);
			runOnlyForDeploymentPostprocessing = 0;
		};
/* End PBXSourcesBuildPhase section */

/* Begin PBXTargetDependency section */
		4C50F22C2B8CD34B00149416 /* PBXTargetDependency */ = {
			isa = PBXTargetDependency;
			target = 4C50F2192B8CD34A00149416 /* WeatherAPI */;
			targetProxy = 4C50F22B2B8CD34B00149416 /* PBXContainerItemProxy */;
		};
		4C50F2362B8CD34B00149416 /* PBXTargetDependency */ = {
			isa = PBXTargetDependency;
			target = 4C50F2192B8CD34A00149416 /* WeatherAPI */;
			targetProxy = 4C50F2352B8CD34B00149416 /* PBXContainerItemProxy */;
		};
/* End PBXTargetDependency section */

/* Begin XCBuildConfiguration section */
		4C50F23C2B8CD34B00149416 /* Debug */ = {
			isa = XCBuildConfiguration;
			buildSettings = {
				ALWAYS_SEARCH_USER_PATHS = NO;
				ASSETCATALOG_COMPILER_GENERATE_SWIFT_ASSET_SYMBOL_EXTENSIONS = YES;
				CLANG_ANALYZER_NONNULL = YES;
				CLANG_ANALYZER_NUMBER_OBJECT_CONVERSION = YES_AGGRESSIVE;
				CLANG_CXX_LANGUAGE_STANDARD = "gnu++20";
				CLANG_ENABLE_MODULES = YES;
				CLANG_ENABLE_OBJC_ARC = YES;
				CLANG_ENABLE_OBJC_WEAK = YES;
				CLANG_WARN_BLOCK_CAPTURE_AUTORELEASING = YES;
				CLANG_WARN_BOOL_CONVERSION = YES;
				CLANG_WARN_COMMA = YES;
				CLANG_WARN_CONSTANT_CONVERSION = YES;
				CLANG_WARN_DEPRECATED_OBJC_IMPLEMENTATIONS = YES;
				CLANG_WARN_DIRECT_OBJC_ISA_USAGE = YES_ERROR;
				CLANG_WARN_DOCUMENTATION_COMMENTS = YES;
				CLANG_WARN_EMPTY_BODY = YES;
				CLANG_WARN_ENUM_CONVERSION = YES;
				CLANG_WARN_INFINITE_RECURSION = YES;
				CLANG_WARN_INT_CONVERSION = YES;
				CLANG_WARN_NON_LITERAL_NULL_CONVERSION = YES;
				CLANG_WARN_OBJC_IMPLICIT_RETAIN_SELF = YES;
				CLANG_WARN_OBJC_LITERAL_CONVERSION = YES;
				CLANG_WARN_OBJC_ROOT_CLASS = YES_ERROR;
				CLANG_WARN_QUOTED_INCLUDE_IN_FRAMEWORK_HEADER = YES;
				CLANG_WARN_RANGE_LOOP_ANALYSIS = YES;
				CLANG_WARN_STRICT_PROTOTYPES = YES;
				CLANG_WARN_SUSPICIOUS_MOVE = YES;
				CLANG_WARN_UNGUARDED_AVAILABILITY = YES_AGGRESSIVE;
				CLANG_WARN_UNREACHABLE_CODE = YES;
				CLANG_WARN__DUPLICATE_METHOD_MATCH = YES;
				COPY_PHASE_STRIP = NO;
				DEBUG_INFORMATION_FORMAT = dwarf;
				ENABLE_STRICT_OBJC_MSGSEND = YES;
				ENABLE_TESTABILITY = YES;
				ENABLE_USER_SCRIPT_SANDBOXING = YES;
				GCC_C_LANGUAGE_STANDARD = gnu17;
				GCC_DYNAMIC_NO_PIC = NO;
				GCC_NO_COMMON_BLOCKS = YES;
				GCC_OPTIMIZATION_LEVEL = 0;
				GCC_PREPROCESSOR_DEFINITIONS = (
					"DEBUG=1",
					"$(inherited)",
				);
				GCC_WARN_64_TO_32_BIT_CONVERSION = YES;
				GCC_WARN_ABOUT_RETURN_TYPE = YES_ERROR;
				GCC_WARN_UNDECLARED_SELECTOR = YES;
				GCC_WARN_UNINITIALIZED_AUTOS = YES_AGGRESSIVE;
				GCC_WARN_UNUSED_FUNCTION = YES;
				GCC_WARN_UNUSED_VARIABLE = YES;
				IPHONEOS_DEPLOYMENT_TARGET = 17.2;
				LOCALIZATION_PREFERS_STRING_CATALOGS = YES;
				MTL_ENABLE_DEBUG_INFO = INCLUDE_SOURCE;
				MTL_FAST_MATH = YES;
				ONLY_ACTIVE_ARCH = YES;
				SDKROOT = iphoneos;
				SWIFT_ACTIVE_COMPILATION_CONDITIONS = "DEBUG $(inherited)";
				SWIFT_OPTIMIZATION_LEVEL = "-Onone";
			};
			name = Debug;
		};
		4C50F23D2B8CD34B00149416 /* Release */ = {
			isa = XCBuildConfiguration;
			buildSettings = {
				ALWAYS_SEARCH_USER_PATHS = NO;
				ASSETCATALOG_COMPILER_GENERATE_SWIFT_ASSET_SYMBOL_EXTENSIONS = YES;
				CLANG_ANALYZER_NONNULL = YES;
				CLANG_ANALYZER_NUMBER_OBJECT_CONVERSION = YES_AGGRESSIVE;
				CLANG_CXX_LANGUAGE_STANDARD = "gnu++20";
				CLANG_ENABLE_MODULES = YES;
				CLANG_ENABLE_OBJC_ARC = YES;
				CLANG_ENABLE_OBJC_WEAK = YES;
				CLANG_WARN_BLOCK_CAPTURE_AUTORELEASING = YES;
				CLANG_WARN_BOOL_CONVERSION = YES;
				CLANG_WARN_COMMA = YES;
				CLANG_WARN_CONSTANT_CONVERSION = YES;
				CLANG_WARN_DEPRECATED_OBJC_IMPLEMENTATIONS = YES;
				CLANG_WARN_DIRECT_OBJC_ISA_USAGE = YES_ERROR;
				CLANG_WARN_DOCUMENTATION_COMMENTS = YES;
				CLANG_WARN_EMPTY_BODY = YES;
				CLANG_WARN_ENUM_CONVERSION = YES;
				CLANG_WARN_INFINITE_RECURSION = YES;
				CLANG_WARN_INT_CONVERSION = YES;
				CLANG_WARN_NON_LITERAL_NULL_CONVERSION = YES;
				CLANG_WARN_OBJC_IMPLICIT_RETAIN_SELF = YES;
				CLANG_WARN_OBJC_LITERAL_CONVERSION = YES;
				CLANG_WARN_OBJC_ROOT_CLASS = YES_ERROR;
				CLANG_WARN_QUOTED_INCLUDE_IN_FRAMEWORK_HEADER = YES;
				CLANG_WARN_RANGE_LOOP_ANALYSIS = YES;
				CLANG_WARN_STRICT_PROTOTYPES = YES;
				CLANG_WARN_SUSPICIOUS_MOVE = YES;
				CLANG_WARN_UNGUARDED_AVAILABILITY = YES_AGGRESSIVE;
				CLANG_WARN_UNREACHABLE_CODE = YES;
				CLANG_WARN__DUPLICATE_METHOD_MATCH = YES;
				COPY_PHASE_STRIP = NO;
				DEBUG_INFORMATION_FORMAT = "dwarf-with-dsym";
				ENABLE_NS_ASSERTIONS = NO;
				ENABLE_STRICT_OBJC_MSGSEND = YES;
				ENABLE_USER_SCRIPT_SANDBOXING = YES;
				GCC_C_LANGUAGE_STANDARD = gnu17;
				GCC_NO_COMMON_BLOCKS = YES;
				GCC_WARN_64_TO_32_BIT_CONVERSION = YES;
				GCC_WARN_ABOUT_RETURN_TYPE = YES_ERROR;
				GCC_WARN_UNDECLARED_SELECTOR = YES;
				GCC_WARN_UNINITIALIZED_AUTOS = YES_AGGRESSIVE;
				GCC_WARN_UNUSED_FUNCTION = YES;
				GCC_WARN_UNUSED_VARIABLE = YES;
				IPHONEOS_DEPLOYMENT_TARGET = 17.2;
				LOCALIZATION_PREFERS_STRING_CATALOGS = YES;
				MTL_ENABLE_DEBUG_INFO = NO;
				MTL_FAST_MATH = YES;
				SDKROOT = iphoneos;
				SWIFT_COMPILATION_MODE = wholemodule;
				VALIDATE_PRODUCT = YES;
			};
			name = Release;
		};
		4C50F23F2B8CD34B00149416 /* Debug */ = {
			isa = XCBuildConfiguration;
			buildSettings = {
				ASSETCATALOG_COMPILER_APPICON_NAME = AppIcon;
				ASSETCATALOG_COMPILER_GLOBAL_ACCENT_COLOR_NAME = AccentColor;
				CODE_SIGN_STYLE = Automatic;
				CURRENT_PROJECT_VERSION = 1;
				DEVELOPMENT_ASSET_PATHS = "\"WeatherAPI/Preview Content\"";
				ENABLE_PREVIEWS = YES;
				GENERATE_INFOPLIST_FILE = YES;
				INFOPLIST_KEY_UIApplicationSceneManifest_Generation = YES;
				INFOPLIST_KEY_UIApplicationSupportsIndirectInputEvents = YES;
				INFOPLIST_KEY_UILaunchScreen_Generation = YES;
				INFOPLIST_KEY_UISupportedInterfaceOrientations_iPad = "UIInterfaceOrientationPortrait UIInterfaceOrientationPortraitUpsideDown UIInterfaceOrientationLandscapeLeft UIInterfaceOrientationLandscapeRight";
				INFOPLIST_KEY_UISupportedInterfaceOrientations_iPhone = "UIInterfaceOrientationPortrait UIInterfaceOrientationLandscapeLeft UIInterfaceOrientationLandscapeRight";
				LD_RUNPATH_SEARCH_PATHS = (
					"$(inherited)",
					"@executable_path/Frameworks",
				);
				MARKETING_VERSION = 1.0;
				PRODUCT_BUNDLE_IDENTIFIER = "com.tomohiro-1205.WeatherAPI";
				PRODUCT_NAME = "$(TARGET_NAME)";
				SWIFT_EMIT_LOC_STRINGS = YES;
				SWIFT_VERSION = 5.0;
				TARGETED_DEVICE_FAMILY = "1,2";
			};
			name = Debug;
		};
		4C50F2402B8CD34B00149416 /* Release */ = {
			isa = XCBuildConfiguration;
			buildSettings = {
				ASSETCATALOG_COMPILER_APPICON_NAME = AppIcon;
				ASSETCATALOG_COMPILER_GLOBAL_ACCENT_COLOR_NAME = AccentColor;
				CODE_SIGN_STYLE = Automatic;
				CURRENT_PROJECT_VERSION = 1;
				DEVELOPMENT_ASSET_PATHS = "\"WeatherAPI/Preview Content\"";
				ENABLE_PREVIEWS = YES;
				GENERATE_INFOPLIST_FILE = YES;
				INFOPLIST_KEY_UIApplicationSceneManifest_Generation = YES;
				INFOPLIST_KEY_UIApplicationSupportsIndirectInputEvents = YES;
				INFOPLIST_KEY_UILaunchScreen_Generation = YES;
				INFOPLIST_KEY_UISupportedInterfaceOrientations_iPad = "UIInterfaceOrientationPortrait UIInterfaceOrientationPortraitUpsideDown UIInterfaceOrientationLandscapeLeft UIInterfaceOrientationLandscapeRight";
				INFOPLIST_KEY_UISupportedInterfaceOrientations_iPhone = "UIInterfaceOrientationPortrait UIInterfaceOrientationLandscapeLeft UIInterfaceOrientationLandscapeRight";
				LD_RUNPATH_SEARCH_PATHS = (
					"$(inherited)",
					"@executable_path/Frameworks",
				);
				MARKETING_VERSION = 1.0;
				PRODUCT_BUNDLE_IDENTIFIER = "com.tomohiro-1205.WeatherAPI";
				PRODUCT_NAME = "$(TARGET_NAME)";
				SWIFT_EMIT_LOC_STRINGS = YES;
				SWIFT_VERSION = 5.0;
				TARGETED_DEVICE_FAMILY = "1,2";
			};
			name = Release;
		};
		4C50F2422B8CD34B00149416 /* Debug */ = {
			isa = XCBuildConfiguration;
			buildSettings = {
				ALWAYS_EMBED_SWIFT_STANDARD_LIBRARIES = YES;
				BUNDLE_LOADER = "$(TEST_HOST)";
				CODE_SIGN_STYLE = Automatic;
				CURRENT_PROJECT_VERSION = 1;
				GENERATE_INFOPLIST_FILE = YES;
				IPHONEOS_DEPLOYMENT_TARGET = 17.2;
				MARKETING_VERSION = 1.0;
				PRODUCT_BUNDLE_IDENTIFIER = "com.tomohiro-1205.WeatherAPITests";
				PRODUCT_NAME = "$(TARGET_NAME)";
				SWIFT_EMIT_LOC_STRINGS = NO;
				SWIFT_VERSION = 5.0;
				TARGETED_DEVICE_FAMILY = "1,2";
				TEST_HOST = "$(BUILT_PRODUCTS_DIR)/WeatherAPI.app/$(BUNDLE_EXECUTABLE_FOLDER_PATH)/WeatherAPI";
			};
			name = Debug;
		};
		4C50F2432B8CD34B00149416 /* Release */ = {
			isa = XCBuildConfiguration;
			buildSettings = {
				ALWAYS_EMBED_SWIFT_STANDARD_LIBRARIES = YES;
				BUNDLE_LOADER = "$(TEST_HOST)";
				CODE_SIGN_STYLE = Automatic;
				CURRENT_PROJECT_VERSION = 1;
				GENERATE_INFOPLIST_FILE = YES;
				IPHONEOS_DEPLOYMENT_TARGET = 17.2;
				MARKETING_VERSION = 1.0;
				PRODUCT_BUNDLE_IDENTIFIER = "com.tomohiro-1205.WeatherAPITests";
				PRODUCT_NAME = "$(TARGET_NAME)";
				SWIFT_EMIT_LOC_STRINGS = NO;
				SWIFT_VERSION = 5.0;
				TARGETED_DEVICE_FAMILY = "1,2";
				TEST_HOST = "$(BUILT_PRODUCTS_DIR)/WeatherAPI.app/$(BUNDLE_EXECUTABLE_FOLDER_PATH)/WeatherAPI";
			};
			name = Release;
		};
		4C50F2452B8CD34B00149416 /* Debug */ = {
			isa = XCBuildConfiguration;
			buildSettings = {
				ALWAYS_EMBED_SWIFT_STANDARD_LIBRARIES = YES;
				CODE_SIGN_STYLE = Automatic;
				CURRENT_PROJECT_VERSION = 1;
				GENERATE_INFOPLIST_FILE = YES;
				MARKETING_VERSION = 1.0;
				PRODUCT_BUNDLE_IDENTIFIER = "com.tomohiro-1205.WeatherAPIUITests";
				PRODUCT_NAME = "$(TARGET_NAME)";
				SWIFT_EMIT_LOC_STRINGS = NO;
				SWIFT_VERSION = 5.0;
				TARGETED_DEVICE_FAMILY = "1,2";
				TEST_TARGET_NAME = WeatherAPI;
			};
			name = Debug;
		};
		4C50F2462B8CD34B00149416 /* Release */ = {
			isa = XCBuildConfiguration;
			buildSettings = {
				ALWAYS_EMBED_SWIFT_STANDARD_LIBRARIES = YES;
				CODE_SIGN_STYLE = Automatic;
				CURRENT_PROJECT_VERSION = 1;
				GENERATE_INFOPLIST_FILE = YES;
				MARKETING_VERSION = 1.0;
				PRODUCT_BUNDLE_IDENTIFIER = "com.tomohiro-1205.WeatherAPIUITests";
				PRODUCT_NAME = "$(TARGET_NAME)";
				SWIFT_EMIT_LOC_STRINGS = NO;
				SWIFT_VERSION = 5.0;
				TARGETED_DEVICE_FAMILY = "1,2";
				TEST_TARGET_NAME = WeatherAPI;
			};
			name = Release;
		};
/* End XCBuildConfiguration section */

/* Begin XCConfigurationList section */
		4C50F2152B8CD34A00149416 /* Build configuration list for PBXProject "WeatherAPI" */ = {
			isa = XCConfigurationList;
			buildConfigurations = (
				4C50F23C2B8CD34B00149416 /* Debug */,
				4C50F23D2B8CD34B00149416 /* Release */,
			);
			defaultConfigurationIsVisible = 0;
			defaultConfigurationName = Release;
		};
		4C50F23E2B8CD34B00149416 /* Build configuration list for PBXNativeTarget "WeatherAPI" */ = {
			isa = XCConfigurationList;
			buildConfigurations = (
				4C50F23F2B8CD34B00149416 /* Debug */,
				4C50F2402B8CD34B00149416 /* Release */,
			);
			defaultConfigurationIsVisible = 0;
			defaultConfigurationName = Release;
		};
		4C50F2412B8CD34B00149416 /* Build configuration list for PBXNativeTarget "WeatherAPITests" */ = {
			isa = XCConfigurationList;
			buildConfigurations = (
				4C50F2422B8CD34B00149416 /* Debug */,
				4C50F2432B8CD34B00149416 /* Release */,
			);
			defaultConfigurationIsVisible = 0;
			defaultConfigurationName = Release;
		};
		4C50F2442B8CD34B00149416 /* Build configuration list for PBXNativeTarget "WeatherAPIUITests" */ = {
			isa = XCConfigurationList;
			buildConfigurations = (
				4C50F2452B8CD34B00149416 /* Debug */,
				4C50F2462B8CD34B00149416 /* Release */,
			);
			defaultConfigurationIsVisible = 0;
			defaultConfigurationName = Release;
		};
/* End XCConfigurationList section */
	};
	rootObject = 4C50F2122B8CD34A00149416 /* Project object */;
}
